// !$*UTF8*$!
{
	archiveVersion = 1;
	classes = {
	};
	objectVersion = 46;
	objects = {

/* Begin PBXBuildFile section */
		FA9FA1411C4D713D00D8B783 /* AppDelegate.swift in Sources */ = {isa = PBXBuildFile; fileRef = FA9FA1401C4D713D00D8B783 /* AppDelegate.swift */; };
		FA9FA1431C4D713D00D8B783 /* ViewController.swift in Sources */ = {isa = PBXBuildFile; fileRef = FA9FA1421C4D713D00D8B783 /* ViewController.swift */; };
		FA9FA1461C4D713D00D8B783 /* Main.storyboard in Resources */ = {isa = PBXBuildFile; fileRef = FA9FA1441C4D713D00D8B783 /* Main.storyboard */; };
		FA9FA1481C4D713D00D8B783 /* Assets.xcassets in Resources */ = {isa = PBXBuildFile; fileRef = FA9FA1471C4D713D00D8B783 /* Assets.xcassets */; };
		FA9FA14B1C4D713D00D8B783 /* LaunchScreen.storyboard in Resources */ = {isa = PBXBuildFile; fileRef = FA9FA1491C4D713D00D8B783 /* LaunchScreen.storyboard */; };
/* End PBXBuildFile section */

/* Begin PBXFileReference section */
		FA9FA13D1C4D713D00D8B783 /* MovieApp.app */ = {isa = PBXFileReference; explicitFileType = wrapper.application; includeInIndex = 0; path = MovieApp.app; sourceTree = BUILT_PRODUCTS_DIR; };
		FA9FA1401C4D713D00D8B783 /* AppDelegate.swift */ = {isa = PBXFileReference; lastKnownFileType = sourcecode.swift; path = AppDelegate.swift; sourceTree = "<group>"; };
		FA9FA1421C4D713D00D8B783 /* ViewController.swift */ = {isa = PBXFileReference; lastKnownFileType = sourcecode.swift; path = ViewController.swift; sourceTree = "<group>"; };
		FA9FA1451C4D713D00D8B783 /* Base */ = {isa = PBXFileReference; lastKnownFileType = file.storyboard; name = Base; path = Base.lproj/Main.storyboard; sourceTree = "<group>"; };
		FA9FA1471C4D713D00D8B783 /* Assets.xcassets */ = {isa = PBXFileReference; lastKnownFileType = folder.assetcatalog; path = Assets.xcassets; sourceTree = "<group>"; };
		FA9FA14A1C4D713D00D8B783 /* Base */ = {isa = PBXFileReference; lastKnownFileType = file.storyboard; name = Base; path = Base.lproj/LaunchScreen.storyboard; sourceTree = "<group>"; };
		FA9FA14C1C4D713D00D8B783 /* Info.plist */ = {isa = PBXFileReference; lastKnownFileType = text.plist.xml; path = Info.plist; sourceTree = "<group>"; };
/* End PBXFileReference section */

/* Begin PBXFrameworksBuildPhase section */
		FA9FA13A1C4D713D00D8B783 /* Frameworks */ = {
			isa = PBXFrameworksBuildPhase;
			buildActionMask = 2147483647;
			files = (
			);
			runOnlyForDeploymentPostprocessing = 0;
		};
/* End PBXFrameworksBuildPhase section */

/* Begin PBXGroup section */
		FA9FA1341C4D713D00D8B783 = {
			isa = PBXGroup;
			children = (
				FA9FA13F1C4D713D00D8B783 /* MovieApp */,
				FA9FA13E1C4D713D00D8B783 /* Products */,
			);
			sourceTree = "<group>";
		};
		FA9FA13E1C4D713D00D8B783 /* Products */ = {
			isa = PBXGroup;
			children = (
				FA9FA13D1C4D713D00D8B783 /* MovieApp.app */,
			);
			name = Products;
			sourceTree = "<group>";
		};
		FA9FA13F1C4D713D00D8B783 /* MovieApp */ = {
			isa = PBXGroup;
			children = (
				FA9FA1401C4D713D00D8B783 /* AppDelegate.swift */,
				FA9FA1421C4D713D00D8B783 /* ViewController.swift */,
				FA9FA1441C4D713D00D8B783 /* Main.storyboard */,
				FA9FA1471C4D713D00D8B783 /* Assets.xcassets */,
				FA9FA1491C4D713D00D8B783 /* LaunchScreen.storyboard */,
				FA9FA14C1C4D713D00D8B783 /* Info.plist */,
			);
			path = MovieApp;
			sourceTree = "<group>";
		};
/* End PBXGroup section */

/* Begin PBXNativeTarget section */
		FA9FA13C1C4D713D00D8B783 /* MovieApp */ = {
			isa = PBXNativeTarget;
			buildConfigurationList = FA9FA14F1C4D713D00D8B783 /* Build configuration list for PBXNativeTarget "MovieApp" */;
			buildPhases = (
				FA9FA1391C4D713D00D8B783 /* Sources */,
				FA9FA13A1C4D713D00D8B783 /* Frameworks */,
				FA9FA13B1C4D713D00D8B783 /* Resources */,
			);
			buildRules = (
			);
			dependencies = (
			);
			name = MovieApp;
			productName = MovieApp;
			productReference = FA9FA13D1C4D713D00D8B783 /* MovieApp.app */;
			productType = "com.apple.product-type.application";
		};
/* End PBXNativeTarget section */

/* Begin PBXProject section */
		FA9FA1351C4D713D00D8B783 /* Project object */ = {
			isa = PBXProject;
			attributes = {
				LastSwiftUpdateCheck = 0720;
				LastUpgradeCheck = 0720;
				ORGANIZATIONNAME = "Alex Oser";
				TargetAttributes = {
					FA9FA13C1C4D713D00D8B783 = {
						CreatedOnToolsVersion = 7.2;
						DevelopmentTeam = HNB3V5R8JT;
					};
				};
			};
			buildConfigurationList = FA9FA1381C4D713D00D8B783 /* Build configuration list for PBXProject "MovieApp" */;
			compatibilityVersion = "Xcode 3.2";
			developmentRegion = English;
			hasScannedForEncodings = 0;
			knownRegions = (
				en,
				Base,
			);
			mainGroup = FA9FA1341C4D713D00D8B783;
			productRefGroup = FA9FA13E1C4D713D00D8B783 /* Products */;
			projectDirPath = "";
			projectRoot = "";
			targets = (
				FA9FA13C1C4D713D00D8B783 /* MovieApp */,
			);
		};
/* End PBXProject section */

/* Begin PBXResourcesBuildPhase section */
		FA9FA13B1C4D713D00D8B783 /* Resources */ = {
			isa = PBXResourcesBuildPhase;
			buildActionMask = 2147483647;
			files = (
				FA9FA14B1C4D713D00D8B783 /* LaunchScreen.storyboard in Resources */,
				FA9FA1481C4D713D00D8B783 /* Assets.xcassets in Resources */,
				FA9FA1461C4D713D00D8B783 /* Main.storyboard in Resources */,
			);
			runOnlyForDeploymentPostprocessing = 0;
		};
/* End PBXResourcesBuildPhase section */

/* Begin PBXSourcesBuildPhase section */
		FA9FA1391C4D713D00D8B783 /* Sources */ = {
			isa = PBXSourcesBuildPhase;
			buildActionMask = 2147483647;
			files = (
				FA9FA1431C4D713D00D8B783 /* ViewController.swift in Sources */,
				FA9FA1411C4D713D00D8B783 /* AppDelegate.swift in Sources */,
			);
			runOnlyForDeploymentPostprocessing = 0;
		};
/* End PBXSourcesBuildPhase section */

/* Begin PBXVariantGroup section */
		FA9FA1441C4D713D00D8B783 /* Main.storyboard */ = {
			isa = PBXVariantGroup;
			children = (
				FA9FA1451C4D713D00D8B783 /* Base */,
			);
			name = Main.storyboard;
			sourceTree = "<group>";
		};
		FA9FA1491C4D713D00D8B783 /* LaunchScreen.storyboard */ = {
			isa = PBXVariantGroup;
			children = (
				FA9FA14A1C4D713D00D8B783 /* Base */,
			);
			name = LaunchScreen.storyboard;
			sourceTree = "<group>";
		};
/* End PBXVariantGroup section */

/* Begin XCBuildConfiguration section */
		FA9FA14D1C4D713D00D8B783 /* Debug */ = {
			isa = XCBuildConfiguration;
			buildSettings = {
				ALWAYS_SEARCH_USER_PATHS = NO;
				CLANG_CXX_LANGUAGE_STANDARD = "gnu++0x";
				CLANG_CXX_LIBRARY = "libc++";
				CLANG_ENABLE_MODULES = YES;
				CLANG_ENABLE_OBJC_ARC = YES;
				CLANG_WARN_BOOL_CONVERSION = YES;
				CLANG_WARN_CONSTANT_CONVERSION = YES;
				CLANG_WARN_DIRECT_OBJC_ISA_USAGE = YES_ERROR;
				CLANG_WARN_EMPTY_BODY = YES;
				CLANG_WARN_ENUM_CONVERSION = YES;
				CLANG_WARN_INT_CONVERSION = YES;
				CLANG_WARN_OBJC_ROOT_CLASS = YES_ERROR;
				CLANG_WARN_UNREACHABLE_CODE = YES;
				CLANG_WARN__DUPLICATE_METHOD_MATCH = YES;
				"CODE_SIGN_IDENTITY[sdk=iphoneos*]" = "iPhone Developer";
				COPY_PHASE_STRIP = NO;
				DEBUG_INFORMATION_FORMAT = dwarf;
				ENABLE_STRICT_OBJC_MSGSEND = YES;
				ENABLE_TESTABILITY = YES;
				GCC_C_LANGUAGE_STANDARD = gnu99;
				GCC_DYNAMIC_NO_PIC = NO;
				GCC_NO_COMMON_BLOCKS = YES;
				GCC_OPTIMIZATION_LEVEL = 0;
				GCC_PREPROCESSOR_DEFINITIONS = (
					"DEBUG=1",
					"$(inherited)",
				);
				GCC_WARN_64_TO_32_BIT_CONVERSION = YES;
				GCC_WARN_ABOUT_RETURN_TYPE = YES_ERROR;
				GCC_WARN_UNDECLARED_SELECTOR = YES;
				GCC_WARN_UNINITIALIZED_AUTOS = YES_AGGRESSIVE;
				GCC_WARN_UNUSED_FUNCTION = YES;
				GCC_WARN_UNUSED_VARIABLE = YES;
				IPHONEOS_DEPLOYMENT_TARGET = 9.2;
				MTL_ENABLE_DEBUG_INFO = YES;
				ONLY_ACTIVE_ARCH = YES;
				SDKROOT = iphoneos;
				SWIFT_OPTIMIZATION_LEVEL = "-Onone";
			};
			name = Debug;
		};
		FA9FA14E1C4D713D00D8B783 /* Release */ = {
			isa = XCBuildConfiguration;
			buildSettings = {
				ALWAYS_SEARCH_USER_PATHS = NO;
				CLANG_CXX_LANGUAGE_STANDARD = "gnu++0x";
				CLANG_CXX_LIBRARY = "libc++";
				CLANG_ENABLE_MODULES = YES;
				CLANG_ENABLE_OBJC_ARC = YES;
				CLANG_WARN_BOOL_CONVERSION = YES;
				CLANG_WARN_CONSTANT_CONVERSION = YES;
				CLANG_WARN_DIRECT_OBJC_ISA_USAGE = YES_ERROR;
				CLANG_WARN_EMPTY_BODY = YES;
				CLANG_WARN_ENUM_CONVERSION = YES;
				CLANG_WARN_INT_CONVERSION = YES;
				CLANG_WARN_OBJC_ROOT_CLASS = YES_ERROR;
				CLANG_WARN_UNREACHABLE_CODE = YES;
				CLANG_WARN__DUPLICATE_METHOD_MATCH = YES;
				"CODE_SIGN_IDENTITY[sdk=iphoneos*]" = "iPhone Developer";
				COPY_PHASE_STRIP = NO;
				DEBUG_INFORMATION_FORMAT = "dwarf-with-dsym";
				ENABLE_NS_ASSERTIONS = NO;
				ENABLE_STRICT_OBJC_MSGSEND = YES;
				GCC_C_LANGUAGE_STANDARD = gnu99;
				GCC_NO_COMMON_BLOCKS = YES;
				GCC_WARN_64_TO_32_BIT_CONVERSION = YES;
				GCC_WARN_ABOUT_RETURN_TYPE = YES_ERROR;
				GCC_WARN_UNDECLARED_SELECTOR = YES;
				GCC_WARN_UNINITIALIZED_AUTOS = YES_AGGRESSIVE;
				GCC_WARN_UNUSED_FUNCTION = YES;
				GCC_WARN_UNUSED_VARIABLE = YES;
				IPHONEOS_DEPLOYMENT_TARGET = 9.2;
				MTL_ENABLE_DEBUG_INFO = NO;
				SDKROOT = iphoneos;
				VALIDATE_PRODUCT = YES;
			};
			name = Release;
		};
		FA9FA1501C4D713D00D8B783 /* Debug */ = {
			isa = XCBuildConfiguration;
			buildSettings = {
				ASSETCATALOG_COMPILER_APPICON_NAME = AppIcon;
				INFOPLIST_FILE = MovieApp/Info.plist;
				LD_RUNPATH_SEARCH_PATHS = "$(inherited) @executable_path/Frameworks";
				PRODUCT_BUNDLE_IDENTIFIER = com.codepath.MovieApp;
				PRODUCT_NAME = "$(TARGET_NAME)";
			};
			name = Debug;
		};
		FA9FA1511C4D713D00D8B783 /* Release */ = {
			isa = XCBuildConfiguration;
			buildSettings = {
				ASSETCATALOG_COMPILER_APPICON_NAME = AppIcon;
				INFOPLIST_FILE = MovieApp/Info.plist;
				LD_RUNPATH_SEARCH_PATHS = "$(inherited) @executable_path/Frameworks";
				PRODUCT_BUNDLE_IDENTIFIER = com.codepath.MovieApp;
				PRODUCT_NAME = "$(TARGET_NAME)";
			};
			name = Release;
		};
/* End XCBuildConfiguration section */

/* Begin XCConfigurationList section */
		FA9FA1381C4D713D00D8B783 /* Build configuration list for PBXProject "MovieApp" */ = {
			isa = XCConfigurationList;
			buildConfigurations = (
				FA9FA14D1C4D713D00D8B783 /* Debug */,
				FA9FA14E1C4D713D00D8B783 /* Release */,
			);
			defaultConfigurationIsVisible = 0;
			defaultConfigurationName = Release;
		};
		FA9FA14F1C4D713D00D8B783 /* Build configuration list for PBXNativeTarget "MovieApp" */ = {
			isa = XCConfigurationList;
			buildConfigurations = (
				FA9FA1501C4D713D00D8B783 /* Debug */,
				FA9FA1511C4D713D00D8B783 /* Release */,
			);
			defaultConfigurationIsVisible = 0;
		};
/* End XCConfigurationList section */
	};
	rootObject = FA9FA1351C4D713D00D8B783 /* Project object */;
}
